
Microsoft Visual Studio Solution File, Format Version 12.00
# Visual Studio Version 16
VisualStudioVersion = 16.0.31515.178
MinimumVisualStudioVersion = 15.0.26124.0
Project("{FAE04EC0-301F-11D3-BF4B-00C04F79EFBC}") = "ConversaoMoedaApi", "src\ConversaoMoedaApi\ConversaoMoedaApi.csproj", "{12BDAF45-1BE3-449F-87B2-60CC5EAD39E1}"
EndProject
Project("{FAE04EC0-301F-11D3-BF4B-00C04F79EFBC}") = "ConversaoMoedaDomain", "src\ConversaoMoedaDomain\ConversaoMoedaDomain.csproj", "{9764D5AB-0BD8-44A1-9A56-0E1B2E99388B}"
EndProject
Project("{FAE04EC0-301F-11D3-BF4B-00C04F79EFBC}") = "ConversaoMoedaInfraCrossCutting", "src\ConversaoMoedaInfraCrossCutting\ConversaoMoedaInfraCrossCutting.csproj", "{473D3945-829F-43CF-871C-4620721374A1}"
EndProject
Project("{FAE04EC0-301F-11D3-BF4B-00C04F79EFBC}") = "ConversaoMoedaInfraData", "src\ConversaoMoedaInfraData\ConversaoMoedaInfraData.csproj", "{D85CB36E-160F-4621-9C87-7ECD8467EF98}"
EndProject
Project("{FAE04EC0-301F-11D3-BF4B-00C04F79EFBC}") = "ConversaoMoedaService", "src\ConversaoMoedaService\ConversaoMoedaService.csproj", "{860BA2D3-A0DF-4CAE-AB64-7EB6AC8993E5}"
EndProject
Global
	GlobalSection(SolutionConfigurationPlatforms) = preSolution
		Debug|Any CPU = Debug|Any CPU
		Release|Any CPU = Release|Any CPU
	EndGlobalSection
	GlobalSection(ProjectConfigurationPlatforms) = postSolution
		{12BDAF45-1BE3-449F-87B2-60CC5EAD39E1}.Debug|Any CPU.ActiveCfg = Debug|Any CPU
		{12BDAF45-1BE3-449F-87B2-60CC5EAD39E1}.Debug|Any CPU.Build.0 = Debug|Any CPU
		{12BDAF45-1BE3-449F-87B2-60CC5EAD39E1}.Release|Any CPU.ActiveCfg = Release|Any CPU
		{12BDAF45-1BE3-449F-87B2-60CC5EAD39E1}.Release|Any CPU.Build.0 = Release|Any CPU
		{9764D5AB-0BD8-44A1-9A56-0E1B2E99388B}.Debug|Any CPU.ActiveCfg = Debug|Any CPU
		{9764D5AB-0BD8-44A1-9A56-0E1B2E99388B}.Debug|Any CPU.Build.0 = Debug|Any CPU
		{9764D5AB-0BD8-44A1-9A56-0E1B2E99388B}.Release|Any CPU.ActiveCfg = Release|Any CPU
		{9764D5AB-0BD8-44A1-9A56-0E1B2E99388B}.Release|Any CPU.Build.0 = Release|Any CPU
		{473D3945-829F-43CF-871C-4620721374A1}.Debug|Any CPU.ActiveCfg = Debug|Any CPU
		{473D3945-829F-43CF-871C-4620721374A1}.Debug|Any CPU.Build.0 = Debug|Any CPU
		{473D3945-829F-43CF-871C-4620721374A1}.Release|Any CPU.ActiveCfg = Release|Any CPU
		{473D3945-829F-43CF-871C-4620721374A1}.Release|Any CPU.Build.0 = Release|Any CPU
		{D85CB36E-160F-4621-9C87-7ECD8467EF98}.Debug|Any CPU.ActiveCfg = Debug|Any CPU
		{D85CB36E-160F-4621-9C87-7ECD8467EF98}.Debug|Any CPU.Build.0 = Debug|Any CPU
		{D85CB36E-160F-4621-9C87-7ECD8467EF98}.Release|Any CPU.ActiveCfg = Release|Any CPU
		{D85CB36E-160F-4621-9C87-7ECD8467EF98}.Release|Any CPU.Build.0 = Release|Any CPU
		{860BA2D3-A0DF-4CAE-AB64-7EB6AC8993E5}.Debug|Any CPU.ActiveCfg = Debug|Any CPU
		{860BA2D3-A0DF-4CAE-AB64-7EB6AC8993E5}.Debug|Any CPU.Build.0 = Debug|Any CPU
		{860BA2D3-A0DF-4CAE-AB64-7EB6AC8993E5}.Release|Any CPU.ActiveCfg = Release|Any CPU
		{860BA2D3-A0DF-4CAE-AB64-7EB6AC8993E5}.Release|Any CPU.Build.0 = Release|Any CPU
	EndGlobalSection
	GlobalSection(SolutionProperties) = preSolution
		HideSolutionNode = FALSE
	EndGlobalSection
	GlobalSection(ExtensibilityGlobals) = postSolution
		SolutionGuid = {3D6213E2-0108-409A-AF84-BFEE0FB0CFFE}
	EndGlobalSection
EndGlobal
